
Microsoft Visual Studio Solution File, Format Version 12.00
# Visual Studio Version 17
VisualStudioVersion = 17.3.32825.248
MinimumVisualStudioVersion = 10.0.40219.1
Project("{FAE04EC0-301F-11D3-BF4B-00C04F79EFBC}") = "UnityPackageExtractor", "UnityPackageExtractor\UnityPackageExtractor.csproj", "{439341AD-257A-402D-9493-9E5EC933102F}"
EndProject
Global
	GlobalSection(SolutionConfigurationPlatforms) = preSolution
		Debug|Any CPU = Debug|Any CPU
		Release|Any CPU = Release|Any CPU
	EndGlobalSection
	GlobalSection(ProjectConfigurationPlatforms) = postSolution
		{439341AD-257A-402D-9493-9E5EC933102F}.Debug|Any CPU.ActiveCfg = Debug|Any CPU
		{439341AD-257A-402D-9493-9E5EC933102F}.Debug|Any CPU.Build.0 = Debug|Any CPU
		{439341AD-257A-402D-9493-9E5EC933102F}.Release|Any CPU.ActiveCfg = Release|Any CPU
		{439341AD-257A-402D-9493-9E5EC933102F}.Release|Any CPU.Build.0 = Release|Any CPU
	EndGlobalSection
	GlobalSection(SolutionProperties) = preSolution
		HideSolutionNode = FALSE
	EndGlobalSection
	GlobalSection(ExtensibilityGlobals) = postSolution
		SolutionGuid = {6BDDD748-20A5-4904-B995-378360802309}
	EndGlobalSection
EndGlobal
